{
  "nodes": {
    "fenix": {
      "inputs": {
        "nixpkgs": [
          "nixpkgs"
        ],
        "rust-analyzer-src": "rust-analyzer-src"
      },
      "locked": {
        "lastModified": 1682038649,
        "narHash": "sha256-HwGwWLMKdIT24xhDf+mRoCehA8yUlLmuJgS9JeMt4IM=",
        "owner": "nix-community",
        "repo": "fenix",
        "rev": "37b3a6dad6d6060bd305eb7d3628d3b476c87bb6",
        "type": "github"
      },
      "original": {
        "owner": "nix-community",
        "ref": "monthly",
        "repo": "fenix",
        "type": "github"
      }
    },
    "nixpkgs": {
      "locked": {
        "lastModified": 1683103914,
        "narHash": "sha256-Mbrst3sLaiL55eOlZOEL8kB+XTWffaQVfcI03YWiryg=",
        "owner": "NixOS",
        "repo": "nixpkgs",
        "rev": "54495a4eafe99c537695a87fe04cb50bf17e651d",
        "type": "github"
      },
      "original": {
        "owner": "NixOS",
        "ref": "nixos-22.11",
        "repo": "nixpkgs",
        "type": "github"
      }
    },
    "root": {
      "inputs": {
        "fenix": "fenix",
        "nixpkgs": "nixpkgs"
      }
    },
    "rust-analyzer-src": {
      "flake": false,
      "locked": {
        "lastModified": 1680267680,
        "narHash": "sha256-atC3zkM5nBXdBFE1+Xoxpm/Ye42j/Rq12IR0qi5+/ao=",
        "owner": "rust-lang",
        "repo": "rust-analyzer",
        "rev": "853fb44a24b8d3341f52747caa949013121b24b4",
        "type": "github"
      },
      "original": {
        "owner": "rust-lang",
        "ref": "nightly",
        "repo": "rust-analyzer",
        "type": "github"
      }
    }
  },
  "root": "root",
  "version": 7
}
